
Microsoft Visual Studio Solution File, Format Version 12.00
Project("{FAE04EC0-301F-11D3-BF4B-00C04F79EFBC}") = "Primes", "Primes\Primes.csproj", "{FF5AA083-1072-4337-A402-C9DDF63C6AA1}"
EndProject
Global
	GlobalSection(SolutionConfigurationPlatforms) = preSolution
		Debug|Any CPU = Debug|Any CPU
		Release|Any CPU = Release|Any CPU
	EndGlobalSection
	GlobalSection(ProjectConfigurationPlatforms) = postSolution
		{FF5AA083-1072-4337-A402-C9DDF63C6AA1}.Debug|Any CPU.ActiveCfg = Debug|Any CPU
		{FF5AA083-1072-4337-A402-C9DDF63C6AA1}.Debug|Any CPU.Build.0 = Debug|Any CPU
		{FF5AA083-1072-4337-A402-C9DDF63C6AA1}.Release|Any CPU.ActiveCfg = Release|Any CPU
		{FF5AA083-1072-4337-A402-C9DDF63C6AA1}.Release|Any CPU.Build.0 = Release|Any CPU
	EndGlobalSection
EndGlobal
