
Microsoft Visual Studio Solution File, Format Version 12.00
Project("{FAE04EC0-301F-11D3-BF4B-00C04F79EFBC}") = "abstract_methods", "abstract_methods\abstract_methods.csproj", "{57419077-D6F2-401E-BCCE-B135466232B5}"
EndProject
Global
	GlobalSection(SolutionConfigurationPlatforms) = preSolution
		Debug|Any CPU = Debug|Any CPU
		Release|Any CPU = Release|Any CPU
	EndGlobalSection
	GlobalSection(ProjectConfigurationPlatforms) = postSolution
		{57419077-D6F2-401E-BCCE-B135466232B5}.Debug|Any CPU.ActiveCfg = Debug|Any CPU
		{57419077-D6F2-401E-BCCE-B135466232B5}.Debug|Any CPU.Build.0 = Debug|Any CPU
		{57419077-D6F2-401E-BCCE-B135466232B5}.Release|Any CPU.ActiveCfg = Release|Any CPU
		{57419077-D6F2-401E-BCCE-B135466232B5}.Release|Any CPU.Build.0 = Release|Any CPU
	EndGlobalSection
EndGlobal
