
Microsoft Visual Studio Solution File, Format Version 12.00
Project("{FAE04EC0-301F-11D3-BF4B-00C04F79EFBC}") = "Timing", "Timing\Timing.csproj", "{4E99AA65-C3E9-44D6-ADE0-E5099F50C6DC}"
EndProject
Global
	GlobalSection(SolutionConfigurationPlatforms) = preSolution
		Debug|Any CPU = Debug|Any CPU
		Release|Any CPU = Release|Any CPU
	EndGlobalSection
	GlobalSection(ProjectConfigurationPlatforms) = postSolution
		{4E99AA65-C3E9-44D6-ADE0-E5099F50C6DC}.Debug|Any CPU.ActiveCfg = Debug|Any CPU
		{4E99AA65-C3E9-44D6-ADE0-E5099F50C6DC}.Debug|Any CPU.Build.0 = Debug|Any CPU
		{4E99AA65-C3E9-44D6-ADE0-E5099F50C6DC}.Release|Any CPU.ActiveCfg = Release|Any CPU
		{4E99AA65-C3E9-44D6-ADE0-E5099F50C6DC}.Release|Any CPU.Build.0 = Release|Any CPU
	EndGlobalSection
EndGlobal
